
Microsoft Visual Studio Solution File, Format Version 12.00
# Visual Studio Version 16
VisualStudioVersion = 16.0.28714.193
MinimumVisualStudioVersion = 10.0.40219.1
Project("{FAE04EC0-301F-11D3-BF4B-00C04F79EFBC}") = "aframe.Core", "aframe\source\aframe.Core\aframe.Core.csproj", "{1E602601-AEA4-47CD-8F44-6C5E1D7387A5}"
EndProject
Project("{FAE04EC0-301F-11D3-BF4B-00C04F79EFBC}") = "aframe.Updater", "aframe\source\aframe.Updater\aframe.Updater.csproj", "{38E4D044-78F5-453E-A52C-96F6B201C8B8}"
EndProject
Project("{FAE04EC0-301F-11D3-BF4B-00C04F79EFBC}") = "XIVNote", "XIVNote\XIVNote.csproj", "{7FE1DE40-7B3D-4B06-A29C-D199754F45C3}"
EndProject
Global
	GlobalSection(SolutionConfigurationPlatforms) = preSolution
		Debug|Any CPU = Debug|Any CPU
		Debug|x64 = Debug|x64
		Release|Any CPU = Release|Any CPU
		Release|x64 = Release|x64
	EndGlobalSection
	GlobalSection(ProjectConfigurationPlatforms) = postSolution
		{1E602601-AEA4-47CD-8F44-6C5E1D7387A5}.Debug|Any CPU.ActiveCfg = Debug|Any CPU
		{1E602601-AEA4-47CD-8F44-6C5E1D7387A5}.Debug|Any CPU.Build.0 = Debug|Any CPU
		{1E602601-AEA4-47CD-8F44-6C5E1D7387A5}.Debug|x64.ActiveCfg = Debug|x64
		{1E602601-AEA4-47CD-8F44-6C5E1D7387A5}.Debug|x64.Build.0 = Debug|x64
		{1E602601-AEA4-47CD-8F44-6C5E1D7387A5}.Release|Any CPU.ActiveCfg = Release|Any CPU
		{1E602601-AEA4-47CD-8F44-6C5E1D7387A5}.Release|Any CPU.Build.0 = Release|Any CPU
		{1E602601-AEA4-47CD-8F44-6C5E1D7387A5}.Release|x64.ActiveCfg = Release|x64
		{1E602601-AEA4-47CD-8F44-6C5E1D7387A5}.Release|x64.Build.0 = Release|x64
		{38E4D044-78F5-453E-A52C-96F6B201C8B8}.Debug|Any CPU.ActiveCfg = Debug|Any CPU
		{38E4D044-78F5-453E-A52C-96F6B201C8B8}.Debug|Any CPU.Build.0 = Debug|Any CPU
		{38E4D044-78F5-453E-A52C-96F6B201C8B8}.Debug|x64.ActiveCfg = Debug|x64
		{38E4D044-78F5-453E-A52C-96F6B201C8B8}.Debug|x64.Build.0 = Debug|x64
		{38E4D044-78F5-453E-A52C-96F6B201C8B8}.Release|Any CPU.ActiveCfg = Release|Any CPU
		{38E4D044-78F5-453E-A52C-96F6B201C8B8}.Release|Any CPU.Build.0 = Release|Any CPU
		{38E4D044-78F5-453E-A52C-96F6B201C8B8}.Release|x64.ActiveCfg = Release|x64
		{38E4D044-78F5-453E-A52C-96F6B201C8B8}.Release|x64.Build.0 = Release|x64
		{7FE1DE40-7B3D-4B06-A29C-D199754F45C3}.Debug|Any CPU.ActiveCfg = Debug|Any CPU
		{7FE1DE40-7B3D-4B06-A29C-D199754F45C3}.Debug|Any CPU.Build.0 = Debug|Any CPU
		{7FE1DE40-7B3D-4B06-A29C-D199754F45C3}.Debug|x64.ActiveCfg = Debug|x64
		{7FE1DE40-7B3D-4B06-A29C-D199754F45C3}.Debug|x64.Build.0 = Debug|x64
		{7FE1DE40-7B3D-4B06-A29C-D199754F45C3}.Release|Any CPU.ActiveCfg = Release|Any CPU
		{7FE1DE40-7B3D-4B06-A29C-D199754F45C3}.Release|Any CPU.Build.0 = Release|Any CPU
		{7FE1DE40-7B3D-4B06-A29C-D199754F45C3}.Release|x64.ActiveCfg = Release|x64
		{7FE1DE40-7B3D-4B06-A29C-D199754F45C3}.Release|x64.Build.0 = Release|x64
	EndGlobalSection
	GlobalSection(SolutionProperties) = preSolution
		HideSolutionNode = FALSE
	EndGlobalSection
	GlobalSection(ExtensibilityGlobals) = postSolution
		SolutionGuid = {D1BC3741-3A21-4CE3-8E3A-98EAAB6019E9}
		        SolutionGuid = {B02AAB55-E009-4683-A86E-C8F7D1D54733}
	EndGlobalSection
EndGlobal
